
Microsoft Visual Studio Solution File, Format Version 12.00
# Visual Studio 2017
Project("{FAE04EC0-301F-11D3-BF4B-00C04F79EFBC}") = "Bejeweled", "Bejeweled.csproj", "{B1194240-235B-B16D-D994-37974910EC48}"
EndProject
Global
	GlobalSection(SolutionConfigurationPlatforms) = preSolution
		Debug|Any CPU = Debug|Any CPU
		Release|Any CPU = Release|Any CPU
	EndGlobalSection
	GlobalSection(ProjectConfigurationPlatforms) = postSolution
		{B1194240-235B-B16D-D994-37974910EC48}.Debug|Any CPU.ActiveCfg = Debug|Any CPU
		{B1194240-235B-B16D-D994-37974910EC48}.Debug|Any CPU.Build.0 = Debug|Any CPU
		{B1194240-235B-B16D-D994-37974910EC48}.Release|Any CPU.ActiveCfg = Release|Any CPU
		{B1194240-235B-B16D-D994-37974910EC48}.Release|Any CPU.Build.0 = Release|Any CPU
	EndGlobalSection
	GlobalSection(SolutionProperties) = preSolution
		HideSolutionNode = FALSE
	EndGlobalSection
EndGlobal
